# This file is generated by running "yarn install" inside your project.
# Manual changes might be lost - proceed with caution!

__metadata:
  version: 4
  cacheKey: 7

"@arcanis/slice-ansi@npm:^1.0.2":
  version: 1.0.2
  resolution: "@arcanis/slice-ansi@npm:1.0.2"
  dependencies:
    grapheme-splitter: ^1.0.4
  checksum: 1b4539363054608b37f65d49d5c920a557d55f6231a73440213e3fd809fce8ed8c72b8b7939c4dbbbfd14647ce6e8d76c0df6cec19a744400c847ef6e76a1988
  languageName: node
  linkType: hard

"@babel/core@npm:^7.10.2":
  version: 7.12.3
  resolution: "@babel/core@npm:7.12.3"
  dependencies:
    "@babel/code-frame": ^7.10.4
    "@babel/generator": ^7.12.1
    "@babel/helper-module-transforms": ^7.12.1
    "@babel/helpers": ^7.12.1
    "@babel/parser": ^7.12.3
    "@babel/template": ^7.10.4
    "@babel/traverse": ^7.12.1
    "@babel/types": ^7.12.1
    convert-source-map: ^1.7.0
    debug: ^4.1.0
    gensync: ^1.0.0-beta.1
    json5: ^2.1.2
    lodash: ^4.17.19
    resolve: ^1.3.2
    semver: ^5.4.1
    source-map: ^0.5.0
  checksum: 110eb092da34c8061db81647d3110e72438a805418195238ac0bb5ab5aec0fa9be9a1ce6350d442865254e088c7ee6edafafc2fbb72f105eb70414ac211e0995
  languageName: node
  linkType: hard

"@babel/highlight@npm:^7.10.4":
  version: 7.10.4
  resolution: "@babel/highlight@npm:7.10.4"
  dependencies:
    "@babel/helper-validator-identifier": ^7.10.4
    chalk: ^2.0.0
    js-tokens: ^4.0.0
  checksum: c167b938af9797e7630dd922398ceb1a079469085b9c0a7274f093f9f2b1ef9f0a5efec89592e81cbab7c87a537d32c238cea97d288b7af9a0d26b2bceb7a439
  languageName: node
  linkType: hard

"@babel/types@npm:^7.10.4, @babel/types@npm:^7.11.0, @babel/types@npm:^7.12.1, @babel/types@npm:^7.8.3":
  version: 7.12.1
  resolution: "@babel/types@npm:7.12.1"
  dependencies:
    "@babel/helper-validator-identifier": ^7.10.4
    lodash: ^4.17.19
    to-fast-properties: ^2.0.0
  checksum: 0747b064093126e3ceba410c78e8ea438ed84cd68ad8abb2f98ffe88e2b600406096553bb5ef28cd40b29e68122820fe98e31ddfd0318fbb0efc2f4080d3417a
  languageName: node
  linkType: hard

"@types/cacheable-request@npm:^6.0.1":
  version: 6.0.1
  resolution: "@types/cacheable-request@npm:6.0.1"
  dependencies:
    "@types/http-cache-semantics": "*"
    "@types/keyv": "*"
    "@types/node": "*"
    "@types/responselike": "*"
  checksum: 3dae802a0808573986c56b92bf16cd031a5b648b6c893d20c7ef6bfda3fc72a2107c7978697d2b27b14febc597162d6959985eeb5befc307a9f9f3c5081d4905
  languageName: node
  linkType: hard

"@types/emscripten@npm:^1.38.0":
  version: 1.39.4
  resolution: "@types/emscripten@npm:1.39.4"
  checksum: b848421e2597a0ce56b74c6427f843cfd8f26dec8eaaa1929317e9417bc06eaa934057c317cbb561ade2f5462b6906e37868608211e09f9f507dca62066795a8
  languageName: node
  linkType: hard

"@webassemblyjs/wasm-edit@npm:1.9.0":
  version: 1.9.0
  resolution: "@webassemblyjs/wasm-edit@npm:1.9.0"
  dependencies:
    "@webassemblyjs/ast": 1.9.0
    "@webassemblyjs/helper-buffer": 1.9.0
    "@webassemblyjs/helper-wasm-bytecode": 1.9.0
    "@webassemblyjs/helper-wasm-section": 1.9.0
    "@webassemblyjs/wasm-gen": 1.9.0
    "@webassemblyjs/wasm-opt": 1.9.0
    "@webassemblyjs/wasm-parser": 1.9.0
    "@webassemblyjs/wast-printer": 1.9.0
  checksum: 16016c9ef5b69fed1d6a6f21926e6e4a9add41e316efb23f6aeadc6efe2035cfb528720965883ac7861a5584b679a2697416f19db983c8a0c8bd6c7de7a0c6f1
  languageName: node
  linkType: hard

"@yarnpkg/plugin-node-modules@npm:^2.2.2":
  version: 2.2.2
  resolution: "@yarnpkg/plugin-node-modules@npm:2.2.2"
  dependencies:
    "@yarnpkg/fslib": ^2.3.0
    "@yarnpkg/libzip": ^2.2.1
    "@yarnpkg/parsers": ^2.3.0
    "@yarnpkg/plugin-pnp": ^2.3.1
    "@yarnpkg/pnp": ^2.3.1
    "@yarnpkg/pnpify": ^2.3.3
    "@zkochan/cmd-shim": ^4.3.0
    clipanion: ^2.6.2
    micromatch: ^4.0.2
    tslib: ^1.13.0
  peerDependencies:
    "@yarnpkg/cli": ^2.3.3
    "@yarnpkg/core": ^2.3.1
  checksum: c4102641c38d1dec9a788430807193e1fec46cdc0efd47415af63e80ba79bd3edd65fdad0312ff05033447bb96a40d387c0d0f33aaf37ddbdeba30e9dbc6d6f1
  languageName: node
  linkType: hard

"ajv@npm:^6.12.2, ajv@npm:^6.12.4, ajv@npm:^6.12.5":
  version: 6.12.6
  resolution: "ajv@npm:6.12.6"
  dependencies:
    fast-deep-equal: ^3.1.1
    fast-json-stable-stringify: ^2.0.0
    json-schema-traverse: ^0.4.1
    uri-js: ^4.2.2
  checksum: 19a8f3b0a06001eb68e6268f4f9f04424b32baadd5df6ba8292cd473e22e5f4019ed9ab17c3e3510394178ed8bef9b42ad0bdb5c675d65f042421a774780ce1a
  languageName: node
  linkType: hard

"ansi-colors@npm:^4.1.1":
  version: 4.1.1
  resolution: "ansi-colors@npm:4.1.1"
  checksum: 50d8dfbce25602caea1b170ecf4c71c4c9c58d2d1e3186fb5712848c0610d05fe60b8bb6a9eaebd9b54f1db3baf6f603e04214cce597cc7799bc9f47fd9a797a
  languageName: node
  linkType: hard

"find-up@npm:^4.0.0":
  version: 4.1.0
  resolution: "find-up@npm:4.1.0"
  dependencies:
    locate-path: ^5.0.0
    path-exists: ^4.0.0
  checksum: d612d28e02eaca6cd7128fc9bc9b456e2547a3f9875b2b2ae2dbdc6b8cec52bc2885efcb3ac6c18954e838f4c8e20565d196784b190e1d38565f9dc39aade722
  languageName: node
  linkType: hard

"fn-name@npm:~2.0.1":
  version: 2.0.1
  resolution: "fn-name@npm:2.0.1"
  checksum: 0b2a1df51618285ec80612795d539b0433733a6681b0a6c80eaaec68330d6d2e382ddb2caef67c7ae4d8bebdf7e423470bed9f5b151db48140bb7a97ff599936
  languageName: node
  linkType: hard

"yaml@npm:^1.7.2":
  version: 1.10.0
  resolution: "yaml@npm:1.10.0"
  checksum: d4cc9f9724f8d0aebc2cf52e4e6aa7059f12d50deb54b5225d103462fb2af36e5c0bb419101ca4b1f0cd3b4db9e4139cf2c690e863ac6227648d39d6f4e2522c
  languageName: node
  linkType: hard

"yarn-plugin-workspace-lockfile@workspace:packages/plugin":
  version: 0.0.0-use.local
  resolution: "yarn-plugin-workspace-lockfile@workspace:packages/plugin"
  dependencies:
    "@types/node": ^13.0.0
    "@yarnpkg/builder": ^2.1.2
    "@yarnpkg/cli": ^2.3.0
    "@yarnpkg/core": ^2.3.0
    "@yarnpkg/fslib": ^2.3.0
    typescript: ^4.0.5
  languageName: unknown
  linkType: soft

"yup@npm:^0.27.0":
  version: 0.27.0
  resolution: "yup@npm:0.27.0"
  dependencies:
    "@babel/runtime": ^7.0.0
    fn-name: ~2.0.1
    lodash: ^4.17.11
    property-expr: ^1.5.0
    synchronous-promise: ^2.0.6
    toposort: ^2.0.2
  checksum: 72956b9ca9808eb0bc67b93cf25b610784b089ecd3fc949f329d9f7322f40632ac4ecd57edb414cf922e50d146629b5bfbc02b985b3f59bbba4091bc2b1f440c
  languageName: node
  linkType: hard
